Microsoft Visual Studio Solution File, Format Version 12.00
# Visual Studio Version 17
VisualStudioVersion = 17.5.2.0
MinimumVisualStudioVersion = 10.0.40219.1
Project("{FAE04EC0-301F-11D3-BF4B-00C04F79EFBC}") = "dia7_InventorySystem", "dia7_InventorySystem\dia7_InventorySystem.csproj", "{06253429-AF97-2AB3-9E02-D73F371DA7B1}"
EndProject
Global
	GlobalSection(SolutionConfigurationPlatforms) = preSolution
		Debug|Any CPU = Debug|Any CPU
		Release|Any CPU = Release|Any CPU
	EndGlobalSection
	GlobalSection(ProjectConfigurationPlatforms) = postSolution
		{06253429-AF97-2AB3-9E02-D73F371DA7B1}.Debug|Any CPU.ActiveCfg = Debug|Any CPU
		{06253429-AF97-2AB3-9E02-D73F371DA7B1}.Debug|Any CPU.Build.0 = Debug|Any CPU
		{06253429-AF97-2AB3-9E02-D73F371DA7B1}.Release|Any CPU.ActiveCfg = Release|Any CPU
		{06253429-AF97-2AB3-9E02-D73F371DA7B1}.Release|Any CPU.Build.0 = Release|Any CPU
	EndGlobalSection
	GlobalSection(SolutionProperties) = preSolution
		HideSolutionNode = FALSE
	EndGlobalSection
	GlobalSection(ExtensibilityGlobals) = postSolution
		SolutionGuid = {09D51425-C265-4F39-9167-8E37B34D5616}
	EndGlobalSection
EndGlobal
