
Microsoft Visual Studio Solution File, Format Version 12.00
# Visual Studio Version 17
VisualStudioVersion = 17.5.2.0
MinimumVisualStudioVersion = 10.0.40219.1
Project("{FAE04EC0-301F-11D3-BF4B-00C04F79EFBC}") = "día2_Linq", "día2_Linq\día2_Linq.csproj", "{03D28143-7486-0E02-3A8A-20D43F90D857}"
EndProject
Global
	GlobalSection(SolutionConfigurationPlatforms) = preSolution
		Debug|Any CPU = Debug|Any CPU
		Release|Any CPU = Release|Any CPU
	EndGlobalSection
	GlobalSection(ProjectConfigurationPlatforms) = postSolution
		{03D28143-7486-0E02-3A8A-20D43F90D857}.Debug|Any CPU.ActiveCfg = Debug|Any CPU
		{03D28143-7486-0E02-3A8A-20D43F90D857}.Debug|Any CPU.Build.0 = Debug|Any CPU
		{03D28143-7486-0E02-3A8A-20D43F90D857}.Release|Any CPU.ActiveCfg = Release|Any CPU
		{03D28143-7486-0E02-3A8A-20D43F90D857}.Release|Any CPU.Build.0 = Release|Any CPU
	EndGlobalSection
	GlobalSection(SolutionProperties) = preSolution
		HideSolutionNode = FALSE
	EndGlobalSection
	GlobalSection(ExtensibilityGlobals) = postSolution
		SolutionGuid = {BECA492E-218B-4D04-8D09-B6BFBE65B9CC}
	EndGlobalSection
EndGlobal
