Microsoft Visual Studio Solution File, Format Version 12.00
# Visual Studio Version 17
VisualStudioVersion = 17.5.2.0
MinimumVisualStudioVersion = 10.0.40219.1
Project("{FAE04EC0-301F-11D3-BF4B-00C04F79EFBC}") = "dia11_Lerp", "dia11_Lerp\dia11_Lerp.csproj", "{0F1C0FB8-A48B-5F6B-3F06-312E2DC905E3}"
EndProject
Global
	GlobalSection(SolutionConfigurationPlatforms) = preSolution
		Debug|Any CPU = Debug|Any CPU
		Release|Any CPU = Release|Any CPU
	EndGlobalSection
	GlobalSection(ProjectConfigurationPlatforms) = postSolution
		{0F1C0FB8-A48B-5F6B-3F06-312E2DC905E3}.Debug|Any CPU.ActiveCfg = Debug|Any CPU
		{0F1C0FB8-A48B-5F6B-3F06-312E2DC905E3}.Debug|Any CPU.Build.0 = Debug|Any CPU
		{0F1C0FB8-A48B-5F6B-3F06-312E2DC905E3}.Release|Any CPU.ActiveCfg = Release|Any CPU
		{0F1C0FB8-A48B-5F6B-3F06-312E2DC905E3}.Release|Any CPU.Build.0 = Release|Any CPU
	EndGlobalSection
	GlobalSection(SolutionProperties) = preSolution
		HideSolutionNode = FALSE
	EndGlobalSection
	GlobalSection(ExtensibilityGlobals) = postSolution
		SolutionGuid = {BBD31692-A06A-4478-B40D-9DED7F50E7B5}
	EndGlobalSection
EndGlobal
